
Microsoft Visual Studio Solution File, Format Version 12.00
# Visual Studio 15
VisualStudioVersion = 15.0.28010.2046
MinimumVisualStudioVersion = 10.0.40219.1
Project("{FAE04EC0-301F-11D3-BF4B-00C04F79EFBC}") = "Condicionales", "Condicionales\Condicionales.csproj", "{5D13CDAC-2CCF-4CF7-9629-BD1C35CDD79B}"
EndProject
Global
	GlobalSection(SolutionConfigurationPlatforms) = preSolution
		Debug|Any CPU = Debug|Any CPU
		Release|Any CPU = Release|Any CPU
	EndGlobalSection
	GlobalSection(ProjectConfigurationPlatforms) = postSolution
		{5D13CDAC-2CCF-4CF7-9629-BD1C35CDD79B}.Debug|Any CPU.ActiveCfg = Debug|Any CPU
		{5D13CDAC-2CCF-4CF7-9629-BD1C35CDD79B}.Debug|Any CPU.Build.0 = Debug|Any CPU
		{5D13CDAC-2CCF-4CF7-9629-BD1C35CDD79B}.Release|Any CPU.ActiveCfg = Release|Any CPU
		{5D13CDAC-2CCF-4CF7-9629-BD1C35CDD79B}.Release|Any CPU.Build.0 = Release|Any CPU
	EndGlobalSection
	GlobalSection(SolutionProperties) = preSolution
		HideSolutionNode = FALSE
	EndGlobalSection
	GlobalSection(ExtensibilityGlobals) = postSolution
		SolutionGuid = {111D9F68-00CE-4FD1-9355-F802F0D53814}
	EndGlobalSection
EndGlobal
